<?xml version="1.0" encoding="utf-8"?>
<Project ToolsVersion="4.0" xmlns="http://schemas.microsoft.com/developer/msbuild/2003">
  <ItemGroup>
    <Filter Include="Source Files">
      <UniqueIdentifier>{4FC737F1-C7A5-4376-A066-2A32D752A2FF}</UniqueIdentifier>
      <Extensions>cpp;c;cc;cxx;def;odl;idl;hpj;bat;asm;asmx</Extensions>
    </Filter>
    <Filter Include="Header Files">
      <UniqueIdentifier>{93995380-89BD-4b04-88EB-625FBE52EBFB}</UniqueIdentifier>
      <Extensions>h;hpp;hxx;hm;inl;inc;xsd</Extensions>
    </Filter>
    <Filter Include="Resource Files">
      <UniqueIdentifier>{67DA6AB6-F800-4c08-8B7A-83BB121AAD01}</UniqueIdentifier>
      <Extensions>rc;ico;cur;bmp;dlg;rc2;rct;bin;rgs;gif;jpg;jpeg;jpe;resx;tiff;tif;png;wav</Extensions>
    </Filter>
  </ItemGroup>
  <ItemGroup>
    <ClCompile Include="config.cpp">
      <Filter>Source Files</Filter>
    </ClCompile>
    <ClCompile Include="cs_mgr.cpp">
      <Filter>Source Files</Filter>
    </ClCompile>
    <ClCompile Include="debug.cpp">
      <Filter>Source Files</Filter>
    </ClCompile>
    <ClCompile Include="defs.cpp">
      <Filter>Source Files</Filter>
    </ClCompile>
    <ClCompile Include="edgedlg.cpp">
      <Filter>Source Files</Filter>
    </ClCompile>
    <ClCompile Include="error.cpp">
      <Filter>Source Files</Filter>
    </ClCompile>
    <ClCompile Include="global_data.cpp">
      <Filter>Source Files</Filter>
    </ClCompile>
    <ClCompile Include="groupdlg.cpp">
      <Filter>Source Files</Filter>
    </ClCompile>
    <ClCompile Include="handyrun.cpp">
      <Filter>Source Files</Filter>
    </ClCompile>
    <ClCompile Include="helper.cpp">
      <Filter>Source Files</Filter>
    </ClCompile>
    <ClCompile Include="hotkey_waker.cpp">
      <Filter>Source Files</Filter>
    </ClCompile>
    <ClCompile Include="icondlg.cpp">
      <Filter>Source Files</Filter>
    </ClCompile>
    <ClCompile Include="importdlg.cpp">
      <Filter>Source Files</Filter>
    </ClCompile>
    <ClCompile Include="inputdlg.cpp">
      <Filter>Source Files</Filter>
    </ClCompile>
    <ClCompile Include="layout.cpp">
      <Filter>Source Files</Filter>
    </ClCompile>
    <ClCompile Include="log.cpp">
      <Filter>Source Files</Filter>
    </ClCompile>
    <ClCompile Include="path_lister.cpp">
      <Filter>Source Files</Filter>
    </ClCompile>
    <ClCompile Include="prog.cpp">
      <Filter>Source Files</Filter>
    </ClCompile>
    <ClCompile Include="progdlg.cpp">
      <Filter>Source Files</Filter>
    </ClCompile>
    <ClCompile Include="RunDlg.cpp">
      <Filter>Source Files</Filter>
    </ClCompile>
    <ClCompile Include="tipdlg.cpp">
      <Filter>Source Files</Filter>
    </ClCompile>
  </ItemGroup>
  <ItemGroup>
    <ClInclude Include="codesuggestpane.h">
      <Filter>Header Files</Filter>
    </ClInclude>
    <ClInclude Include="config.h">
      <Filter>Header Files</Filter>
    </ClInclude>
    <ClInclude Include="cs_mgr.h">
      <Filter>Header Files</Filter>
    </ClInclude>
    <ClInclude Include="custombkdlg.h">
      <Filter>Header Files</Filter>
    </ClInclude>
    <ClInclude Include="debug.h">
      <Filter>Header Files</Filter>
    </ClInclude>
    <ClInclude Include="defs.h">
      <Filter>Header Files</Filter>
    </ClInclude>
    <ClInclude Include="droptargetimpl.h">
      <Filter>Header Files</Filter>
    </ClInclude>
    <ClInclude Include="edgedlg.h">
      <Filter>Header Files</Filter>
    </ClInclude>
    <ClInclude Include="error.h">
      <Filter>Header Files</Filter>
    </ClInclude>
    <ClInclude Include="geometry.h">
      <Filter>Header Files</Filter>
    </ClInclude>
    <ClInclude Include="global_data.h">
      <Filter>Header Files</Filter>
    </ClInclude>
    <ClInclude Include="groupdlg.h">
      <Filter>Header Files</Filter>
    </ClInclude>
    <ClInclude Include="helper.h">
      <Filter>Header Files</Filter>
    </ClInclude>
    <ClInclude Include="hotkey_waker.h">
      <Filter>Header Files</Filter>
    </ClInclude>
    <ClInclude Include="icondlg.h">
      <Filter>Header Files</Filter>
    </ClInclude>
    <ClInclude Include="imagedc.h">
      <Filter>Header Files</Filter>
    </ClInclude>
    <ClInclude Include="importdlg.h">
      <Filter>Header Files</Filter>
    </ClInclude>
    <ClInclude Include="inputdlg.h">
      <Filter>Header Files</Filter>
    </ClInclude>
    <ClInclude Include="layout.h">
      <Filter>Header Files</Filter>
    </ClInclude>
    <ClInclude Include="log.h">
      <Filter>Header Files</Filter>
    </ClInclude>
    <ClInclude Include="msgdebuger.h">
      <Filter>Header Files</Filter>
    </ClInclude>
    <ClInclude Include="path_lister.h">
      <Filter>Header Files</Filter>
    </ClInclude>
    <ClInclude Include="prog.h">
      <Filter>Header Files</Filter>
    </ClInclude>
    <ClInclude Include="progdlg.h">
      <Filter>Header Files</Filter>
    </ClInclude>
    <ClInclude Include="regiontipdlg.h">
      <Filter>Header Files</Filter>
    </ClInclude>
    <ClInclude Include="resource.h">
      <Filter>Header Files</Filter>
    </ClInclude>
    <ClInclude Include="RunDlg.h">
      <Filter>Header Files</Filter>
    </ClInclude>
    <ClInclude Include="tipdlg.h">
      <Filter>Header Files</Filter>
    </ClInclude>
    <ClInclude Include="TransparentEdit.h">
      <Filter>Header Files</Filter>
    </ClInclude>
  </ItemGroup>
  <ItemGroup>
    <ResourceCompile Include="handyrun.rc">
      <Filter>Resource Files</Filter>
    </ResourceCompile>
  </ItemGroup>
  <ItemGroup>
    <None Include="res\quick_launch.bmp">
      <Filter>Resource Files</Filter>
    </None>
    <None Include="res\running.ico">
      <Filter>Resource Files</Filter>
    </None>
    <None Include="res\ud.bmp">
      <Filter>Resource Files</Filter>
    </None>
  </ItemGroup>
</Project>