
Microsoft Visual Studio Solution File, Format Version 11.00
# Visual Studio 2010
Project("{8BC9CEB8-8B4A-11D0-8D11-00A0C91BC942}") = "cal24", "cal24.vcxproj", "{93F79C73-833D-45F7-A4EF-A246C76A0479}"
EndProject
Global
	GlobalSection(SolutionConfigurationPlatforms) = preSolution
		Debug|Win32 = Debug|Win32
		Release|Win32 = Release|Win32
	EndGlobalSection
	GlobalSection(ProjectConfigurationPlatforms) = postSolution
		{93F79C73-833D-45F7-A4EF-A246C76A0479}.Debug|Win32.ActiveCfg = Debug|Win32
		{93F79C73-833D-45F7-A4EF-A246C76A0479}.Debug|Win32.Build.0 = Debug|Win32
		{93F79C73-833D-45F7-A4EF-A246C76A0479}.Release|Win32.ActiveCfg = Release|Win32
		{93F79C73-833D-45F7-A4EF-A246C76A0479}.Release|Win32.Build.0 = Release|Win32
	EndGlobalSection
	GlobalSection(SolutionProperties) = preSolution
		HideSolutionNode = FALSE
	EndGlobalSection
EndGlobal
